PODS:
  - Braintree (5.26.0):
    - Braintree/Card (= 5.26.0)
    - Braintree/Core (= 5.26.0)
    - Braintree/PayPal (= 5.26.0)
  - Braintree/ApplePay (5.26.0):
    - Braintree/Core
  - Braintree/Card (5.26.0):
    - Braintree/Core
  - Braintree/Core (5.26.0)
  - Braintree/PaymentFlow (5.26.0):
    - Braintree/Core
    - Braintree/PayPalDataCollector
  - Braintree/PayPal (5.26.0):
    - Braintree/Core
    - Braintree/PayPalDataCollector
  - Braintree/PayPalDataCollector (5.26.0)
  - Braintree/ThreeDSecure (5.26.0):
    - Braintree/Card
    - Braintree/PaymentFlow
  - Braintree/UnionPay (5.26.0):
    - Braintree/Card
  - Braintree/Venmo (5.26.0):
    - Braintree/Core
  - BraintreeDropIn (9.13.0):
    - Braintree/ApplePay (~> 5.26)
    - Braintree/Card (~> 5.26)
    - Braintree/Core (~> 5.26)
    - Braintree/PayPal (~> 5.26)
    - Braintree/ThreeDSecure (~> 5.26)
    - Braintree/UnionPay (~> 5.26)
    - Braintree/Venmo (~> 5.26)
  - Flutter (1.0.0)
  - flutter_braintree (1.0.0):
    - Braintree (~> 5.26.0)
    - Braintree/Venmo (~> 5.26.0)
    - BraintreeDropIn (= 9.13.0)
    - Flutter

DEPENDENCIES:
  - Flutter (from `Flutter`)
  - flutter_braintree (from `.symlinks/plugins/flutter_braintree/ios`)

SPEC REPOS:
  trunk:
    - Braintree
    - BraintreeDropIn

EXTERNAL SOURCES:
  Flutter:
    :path: Flutter
  flutter_braintree:
    :path: ".symlinks/plugins/flutter_braintree/ios"

SPEC CHECKSUMS:
  Braintree: 53d39d5349a6316dc455b03334e869f43d6b51bd
  BraintreeDropIn: 20b95f7acc61871d8229b5de0e9edbcf713c9cc0
  Flutter: e0871f40cf51350855a761d2e70bf5af5b9b5de7
  flutter_braintree: cb02471d979b6d6e1e2a7bb67def5c74d9d685dd

PODFILE CHECKSUM: 4305caec6b40dde0ae97be1573c53de1882a07e5

COCOAPODS: 1.15.2
